
Microsoft Visual Studio Solution File, Format Version 12.00
# Visual Studio Version 17
VisualStudioVersion = 17.11.35208.52
MinimumVisualStudioVersion = 10.0.40219.1
Project("{FAE04EC0-301F-11D3-BF4B-00C04F79EFBC}") = "QLCongTyKhangNghi", "QLCongTyKhangNghi.csproj", "{B33DF6C2-EAE7-491B-AFB6-598E393D25BB}"
EndProject
Global
	GlobalSection(SolutionConfigurationPlatforms) = preSolution
		Debug|Any CPU = Debug|Any CPU
		Release|Any CPU = Release|Any CPU
	EndGlobalSection
	GlobalSection(ProjectConfigurationPlatforms) = postSolution
		{B33DF6C2-EAE7-491B-AFB6-598E393D25BB}.Debug|Any CPU.ActiveCfg = Debug|Any CPU
		{B33DF6C2-EAE7-491B-AFB6-598E393D25BB}.Debug|Any CPU.Build.0 = Debug|Any CPU
		{B33DF6C2-EAE7-491B-AFB6-598E393D25BB}.Release|Any CPU.ActiveCfg = Release|Any CPU
		{B33DF6C2-EAE7-491B-AFB6-598E393D25BB}.Release|Any CPU.Build.0 = Release|Any CPU
	EndGlobalSection
	GlobalSection(SolutionProperties) = preSolution
		HideSolutionNode = FALSE
	EndGlobalSection
	GlobalSection(ExtensibilityGlobals) = postSolution
		SolutionGuid = {B9809E02-0142-4892-989E-8E7A9B0774C4}
	EndGlobalSection
EndGlobal
